<?xml version="1.0" encoding="utf-8"?>
<Project ToolsVersion="4.0" xmlns="http://schemas.microsoft.com/developer/msbuild/2003">
  <ItemGroup>
    <ClCompile Include="ConsoleObjects.h">
      <Filter>Headers</Filter>
    </ClCompile>
    <ClCompile Include="main.cpp">
      <Filter>Sources</Filter>
    </ClCompile>
    <ClCompile Include="ConsoleObjects.cpp">
      <Filter>Sources</Filter>
    </ClCompile>
    <ClCompile Include="ConsoleUtilities.cpp">
      <Filter>Sources</Filter>
    </ClCompile>
  </ItemGroup>
  <ItemGroup>
    <Filter Include="Headers">
      <UniqueIdentifier>{41d636ff-32b5-4fdc-a471-be1b66cb3a42}</UniqueIdentifier>
    </Filter>
    <Filter Include="Sources">
      <UniqueIdentifier>{c0c815cb-3857-423b-affa-39524a8f1cba}</UniqueIdentifier>
    </Filter>
  </ItemGroup>
  <ItemGroup>
    <ClInclude Include="ConsoleUtilities.h">
      <Filter>Headers</Filter>
    </ClInclude>
  </ItemGroup>
</Project>